
Microsoft Visual Studio Solution File, Format Version 12.00
# Visual Studio Version 17
VisualStudioVersion = 17.3.32929.385
MinimumVisualStudioVersion = 10.0.40219.1
Project("{FAE04EC0-301F-11D3-BF4B-00C04F79EFBC}") = "APBD5", "APBD5\APBD5.csproj", "{86109056-AF3F-40D8-8AE8-FACF9909D038}"
EndProject
Global
	GlobalSection(SolutionConfigurationPlatforms) = preSolution
		Debug|Any CPU = Debug|Any CPU
		Release|Any CPU = Release|Any CPU
	EndGlobalSection
	GlobalSection(ProjectConfigurationPlatforms) = postSolution
		{86109056-AF3F-40D8-8AE8-FACF9909D038}.Debug|Any CPU.ActiveCfg = Debug|Any CPU
		{86109056-AF3F-40D8-8AE8-FACF9909D038}.Debug|Any CPU.Build.0 = Debug|Any CPU
		{86109056-AF3F-40D8-8AE8-FACF9909D038}.Release|Any CPU.ActiveCfg = Release|Any CPU
		{86109056-AF3F-40D8-8AE8-FACF9909D038}.Release|Any CPU.Build.0 = Release|Any CPU
	EndGlobalSection
	GlobalSection(SolutionProperties) = preSolution
		HideSolutionNode = FALSE
	EndGlobalSection
	GlobalSection(ExtensibilityGlobals) = postSolution
		SolutionGuid = {95645E29-045F-4086-89AB-AA3BA250B0F7}
	EndGlobalSection
EndGlobal
